
Microsoft Visual Studio Solution File, Format Version 12.00
# Visual Studio Version 17
VisualStudioVersion = 17.0.31903.59
MinimumVisualStudioVersion = 10.0.40219.1
Project("{2150E333-8FDC-42A3-9474-1A3956D46DE8}") = "src", "src", "{095B5E38-6983-40B7-BA96-1A6D6EB147EF}"
EndProject
Project("{FAE04EC0-301F-11D3-BF4B-00C04F79EFBC}") = "Application", "src\Application\Application.csproj", "{2FAAE26F-07DD-4BB0-8073-5FC6F249D41A}"
EndProject
Project("{FAE04EC0-301F-11D3-BF4B-00C04F79EFBC}") = "Domain", "src\Domain\Domain.csproj", "{80FEC061-B107-4967-86CA-1416D611FF45}"
EndProject
Project("{FAE04EC0-301F-11D3-BF4B-00C04F79EFBC}") = "Infraestructure", "src\Infraestructure\Infraestructure.csproj", "{0139F106-6F8B-4FEC-A054-65C8F711EE2A}"
EndProject
Project("{FAE04EC0-301F-11D3-BF4B-00C04F79EFBC}") = "WebApi", "src\WebApi\WebApi.csproj", "{062A1C4A-1750-48D0-8617-4E3D4074FC18}"
EndProject
Global
	GlobalSection(SolutionConfigurationPlatforms) = preSolution
		Debug|Any CPU = Debug|Any CPU
		Release|Any CPU = Release|Any CPU
	EndGlobalSection
	GlobalSection(SolutionProperties) = preSolution
		HideSolutionNode = FALSE
	EndGlobalSection
	GlobalSection(ProjectConfigurationPlatforms) = postSolution
		{2FAAE26F-07DD-4BB0-8073-5FC6F249D41A}.Debug|Any CPU.ActiveCfg = Debug|Any CPU
		{2FAAE26F-07DD-4BB0-8073-5FC6F249D41A}.Debug|Any CPU.Build.0 = Debug|Any CPU
		{2FAAE26F-07DD-4BB0-8073-5FC6F249D41A}.Release|Any CPU.ActiveCfg = Release|Any CPU
		{2FAAE26F-07DD-4BB0-8073-5FC6F249D41A}.Release|Any CPU.Build.0 = Release|Any CPU
		{80FEC061-B107-4967-86CA-1416D611FF45}.Debug|Any CPU.ActiveCfg = Debug|Any CPU
		{80FEC061-B107-4967-86CA-1416D611FF45}.Debug|Any CPU.Build.0 = Debug|Any CPU
		{80FEC061-B107-4967-86CA-1416D611FF45}.Release|Any CPU.ActiveCfg = Release|Any CPU
		{80FEC061-B107-4967-86CA-1416D611FF45}.Release|Any CPU.Build.0 = Release|Any CPU
		{0139F106-6F8B-4FEC-A054-65C8F711EE2A}.Debug|Any CPU.ActiveCfg = Debug|Any CPU
		{0139F106-6F8B-4FEC-A054-65C8F711EE2A}.Debug|Any CPU.Build.0 = Debug|Any CPU
		{0139F106-6F8B-4FEC-A054-65C8F711EE2A}.Release|Any CPU.ActiveCfg = Release|Any CPU
		{0139F106-6F8B-4FEC-A054-65C8F711EE2A}.Release|Any CPU.Build.0 = Release|Any CPU
		{062A1C4A-1750-48D0-8617-4E3D4074FC18}.Debug|Any CPU.ActiveCfg = Debug|Any CPU
		{062A1C4A-1750-48D0-8617-4E3D4074FC18}.Debug|Any CPU.Build.0 = Debug|Any CPU
		{062A1C4A-1750-48D0-8617-4E3D4074FC18}.Release|Any CPU.ActiveCfg = Release|Any CPU
		{062A1C4A-1750-48D0-8617-4E3D4074FC18}.Release|Any CPU.Build.0 = Release|Any CPU
	EndGlobalSection
	GlobalSection(NestedProjects) = preSolution
		{2FAAE26F-07DD-4BB0-8073-5FC6F249D41A} = {095B5E38-6983-40B7-BA96-1A6D6EB147EF}
		{80FEC061-B107-4967-86CA-1416D611FF45} = {095B5E38-6983-40B7-BA96-1A6D6EB147EF}
		{0139F106-6F8B-4FEC-A054-65C8F711EE2A} = {095B5E38-6983-40B7-BA96-1A6D6EB147EF}
		{062A1C4A-1750-48D0-8617-4E3D4074FC18} = {095B5E38-6983-40B7-BA96-1A6D6EB147EF}
	EndGlobalSection
EndGlobal
